
Microsoft Visual Studio Solution File, Format Version 12.00
# Visual Studio Version 17
VisualStudioVersion = 17.4.33213.308
MinimumVisualStudioVersion = 10.0.40219.1
Project("{FAE04EC0-301F-11D3-BF4B-00C04F79EFBC}") = "WF.MetricaAndina.StatusDollar", "WF.MetricaAndina.StatusDollar\WF.MetricaAndina.StatusDollar.csproj", "{68C959B7-FC23-45C8-B341-FCE6CAAF46B3}"
EndProject
Global
	GlobalSection(SolutionConfigurationPlatforms) = preSolution
		Debug|Any CPU = Debug|Any CPU
		Release|Any CPU = Release|Any CPU
	EndGlobalSection
	GlobalSection(ProjectConfigurationPlatforms) = postSolution
		{68C959B7-FC23-45C8-B341-FCE6CAAF46B3}.Debug|Any CPU.ActiveCfg = Debug|Any CPU
		{68C959B7-FC23-45C8-B341-FCE6CAAF46B3}.Debug|Any CPU.Build.0 = Debug|Any CPU
		{68C959B7-FC23-45C8-B341-FCE6CAAF46B3}.Release|Any CPU.ActiveCfg = Release|Any CPU
		{68C959B7-FC23-45C8-B341-FCE6CAAF46B3}.Release|Any CPU.Build.0 = Release|Any CPU
	EndGlobalSection
	GlobalSection(SolutionProperties) = preSolution
		HideSolutionNode = FALSE
	EndGlobalSection
	GlobalSection(ExtensibilityGlobals) = postSolution
		SolutionGuid = {86A3E70A-315E-4B0F-A5E3-42BB25F9DB3B}
	EndGlobalSection
EndGlobal
